
Microsoft Visual Studio Solution File, Format Version 12.00
# Visual Studio Version 16
VisualStudioVersion = 16.0.30611.23
MinimumVisualStudioVersion = 10.0.40219.1
Project("{FAE04EC0-301F-11D3-BF4B-00C04F79EFBC}") = "Journal", "Journal.csproj", "{F20F5F47-6657-40F6-BCF0-236D417F7AAE}"
EndProject
Global
	GlobalSection(SolutionConfigurationPlatforms) = preSolution
		Debug|Any CPU = Debug|Any CPU
		Release|Any CPU = Release|Any CPU
	EndGlobalSection
	GlobalSection(ProjectConfigurationPlatforms) = postSolution
		{F20F5F47-6657-40F6-BCF0-236D417F7AAE}.Debug|Any CPU.ActiveCfg = Debug|Any CPU
		{F20F5F47-6657-40F6-BCF0-236D417F7AAE}.Debug|Any CPU.Build.0 = Debug|Any CPU
		{F20F5F47-6657-40F6-BCF0-236D417F7AAE}.Release|Any CPU.ActiveCfg = Release|Any CPU
		{F20F5F47-6657-40F6-BCF0-236D417F7AAE}.Release|Any CPU.Build.0 = Release|Any CPU
	EndGlobalSection
	GlobalSection(SolutionProperties) = preSolution
		HideSolutionNode = FALSE
	EndGlobalSection
	GlobalSection(ExtensibilityGlobals) = postSolution
		SolutionGuid = {DD79E369-E4F3-4473-9814-88439BA40E5E}
	EndGlobalSection
EndGlobal
